<?xml version="1.0" encoding="utf-8"?>
<Project ToolsVersion="4.0" xmlns="http://schemas.microsoft.com/developer/msbuild/2003">
  <ItemGroup>
    <Filter Include="Lost">
      <UniqueIdentifier>{C7A3887C-B3DA-890D-5CC7-6F1048DD050F}</UniqueIdentifier>
    </Filter>
  </ItemGroup>
  <ItemGroup>
    <ClInclude Include="Source\Lost\Application.h">
      <Filter>Lost</Filter>
    </ClInclude>
    <ClInclude Include="Source\Lost\Log.h" />
    <ClInclude Include="Source\Lost\Events\ApplicationEvents.h" />
    <ClInclude Include="Source\Lost\Events\IEvent.h" />
    <ClInclude Include="Source\Lost\Events\EventBus.h" />
    <ClInclude Include="Source\Lost\Core.h" />
    <ClInclude Include="Source\Lost\Graphics\Shader.h" />
    <ClInclude Include="Source\Lost\Graphics\Renderer.h" />
    <ClInclude Include="Source\Lost\Graphics\VertexBuffer.h" />
    <ClInclude Include="Source\Lost\Graphics\IndexBuffer.h" />
    <ClInclude Include="Source\Lost\Graphics\VertexArray.h" />
    <ClInclude Include="Source\Lost\Graphics\VertexBufferLayout.h" />
  </ItemGroup>
  <ItemGroup>
    <ClCompile Include="Source\Lost\Application.cpp">
      <Filter>Lost</Filter>
    </ClCompile>
    <ClCompile Include="Source\Lost\Log.cpp" />
    <ClCompile Include="Source\Lost\Core.cpp" />
    <ClCompile Include="Source\Lost\Graphics\Shader.cpp" />
    <ClCompile Include="Source\Lost\Graphics\Renderer.cpp" />
    <ClCompile Include="Source\Lost\Graphics\VertexBuffer.cpp" />
    <ClCompile Include="Source\Lost\Graphics\IndexBuffer.cpp" />
    <ClCompile Include="Source\Lost\Graphics\VertexArray.cpp" />
    <ClCompile Include="Source\Lost\Graphics\VertexBufferLayout.cpp" />
  </ItemGroup>
</Project>